// !$*UTF8*$!
{
	archiveVersion = 1;
	classes = {
	};
	objectVersion = 56;
	objects = {

/* Begin PBXBuildFile section */
		0A3E43D6298D274900D2CDE8 /* NoteViewController.swift in Sources */ = {isa = PBXBuildFile; fileRef = 0A3E43D5298D274900D2CDE8 /* NoteViewController.swift */; };
		0A3E43DC298D67FE00D2CDE8 /* StringExtensions.swift in Sources */ = {isa = PBXBuildFile; fileRef = 0A3E43DB298D67FE00D2CDE8 /* StringExtensions.swift */; };
		0A3E43DE298D7EB300D2CDE8 /* StorageManager.swift in Sources */ = {isa = PBXBuildFile; fileRef = 0A3E43DD298D7EB300D2CDE8 /* StorageManager.swift */; };
		0A784631298FDDEA00AF3F67 /* SecureTransformer.swift in Sources */ = {isa = PBXBuildFile; fileRef = 0A784630298FDDEA00AF3F67 /* SecureTransformer.swift */; };
		0AE231CC298D1F480034C84D /* AppDelegate.swift in Sources */ = {isa = PBXBuildFile; fileRef = 0AE231CB298D1F480034C84D /* AppDelegate.swift */; };
		0AE231CE298D1F480034C84D /* SceneDelegate.swift in Sources */ = {isa = PBXBuildFile; fileRef = 0AE231CD298D1F480034C84D /* SceneDelegate.swift */; };
		0AE231D0298D1F480034C84D /* NoteListViewController.swift in Sources */ = {isa = PBXBuildFile; fileRef = 0AE231CF298D1F480034C84D /* NoteListViewController.swift */; };
		0AE231D6298D1F480034C84D /* CFTNotes.xcdatamodeld in Sources */ = {isa = PBXBuildFile; fileRef = 0AE231D4298D1F480034C84D /* CFTNotes.xcdatamodeld */; };
		0AE231D8298D1F4A0034C84D /* Assets.xcassets in Resources */ = {isa = PBXBuildFile; fileRef = 0AE231D7298D1F4A0034C84D /* Assets.xcassets */; };
		0AE231DB298D1F4A0034C84D /* LaunchScreen.storyboard in Resources */ = {isa = PBXBuildFile; fileRef = 0AE231D9298D1F4A0034C84D /* LaunchScreen.storyboard */; };
/* End PBXBuildFile section */

/* Begin PBXFileReference section */
		0A3E43D5298D274900D2CDE8 /* NoteViewController.swift */ = {isa = PBXFileReference; lastKnownFileType = sourcecode.swift; path = NoteViewController.swift; sourceTree = "<group>"; };
		0A3E43DB298D67FE00D2CDE8 /* StringExtensions.swift */ = {isa = PBXFileReference; lastKnownFileType = sourcecode.swift; path = StringExtensions.swift; sourceTree = "<group>"; };
		0A3E43DD298D7EB300D2CDE8 /* StorageManager.swift */ = {isa = PBXFileReference; lastKnownFileType = sourcecode.swift; path = StorageManager.swift; sourceTree = "<group>"; };
		0A784630298FDDEA00AF3F67 /* SecureTransformer.swift */ = {isa = PBXFileReference; lastKnownFileType = sourcecode.swift; path = SecureTransformer.swift; sourceTree = "<group>"; };
		0AE231C8298D1F480034C84D /* CFTNotes.app */ = {isa = PBXFileReference; explicitFileType = wrapper.application; includeInIndex = 0; path = CFTNotes.app; sourceTree = BUILT_PRODUCTS_DIR; };
		0AE231CB298D1F480034C84D /* AppDelegate.swift */ = {isa = PBXFileReference; lastKnownFileType = sourcecode.swift; path = AppDelegate.swift; sourceTree = "<group>"; };
		0AE231CD298D1F480034C84D /* SceneDelegate.swift */ = {isa = PBXFileReference; lastKnownFileType = sourcecode.swift; path = SceneDelegate.swift; sourceTree = "<group>"; };
		0AE231CF298D1F480034C84D /* NoteListViewController.swift */ = {isa = PBXFileReference; lastKnownFileType = sourcecode.swift; path = NoteListViewController.swift; sourceTree = "<group>"; };
		0AE231D5298D1F480034C84D /* CFTNotes.xcdatamodel */ = {isa = PBXFileReference; lastKnownFileType = wrapper.xcdatamodel; path = CFTNotes.xcdatamodel; sourceTree = "<group>"; };
		0AE231D7298D1F4A0034C84D /* Assets.xcassets */ = {isa = PBXFileReference; lastKnownFileType = folder.assetcatalog; path = Assets.xcassets; sourceTree = "<group>"; };
		0AE231DA298D1F4A0034C84D /* Base */ = {isa = PBXFileReference; lastKnownFileType = file.storyboard; name = Base; path = Base.lproj/LaunchScreen.storyboard; sourceTree = "<group>"; };
		0AE231DC298D1F4A0034C84D /* Info.plist */ = {isa = PBXFileReference; lastKnownFileType = text.plist.xml; path = Info.plist; sourceTree = "<group>"; };
/* End PBXFileReference section */

/* Begin PBXFrameworksBuildPhase section */
		0AE231C5298D1F480034C84D /* Frameworks */ = {
			isa = PBXFrameworksBuildPhase;
			buildActionMask = 2147483647;
			files = (
			);
			runOnlyForDeploymentPostprocessing = 0;
		};
/* End PBXFrameworksBuildPhase section */

/* Begin PBXGroup section */
		0A3E43D7298D5E5700D2CDE8 /* Models */ = {
			isa = PBXGroup;
			children = (
			);
			path = Models;
			sourceTree = "<group>";
		};
		0A3E43DA298D67E400D2CDE8 /* Services */ = {
			isa = PBXGroup;
			children = (
				0A3E43DB298D67FE00D2CDE8 /* StringExtensions.swift */,
				0A3E43DD298D7EB300D2CDE8 /* StorageManager.swift */,
				0A784630298FDDEA00AF3F67 /* SecureTransformer.swift */,
			);
			path = Services;
			sourceTree = "<group>";
		};
		0A8A0B3E298D20AA002F81DB /* App */ = {
			isa = PBXGroup;
			children = (
				0AE231CB298D1F480034C84D /* AppDelegate.swift */,
				0AE231CD298D1F480034C84D /* SceneDelegate.swift */,
				0AE231DC298D1F4A0034C84D /* Info.plist */,
			);
			path = App;
			sourceTree = "<group>";
		};
		0A8A0B3F298D20C0002F81DB /* ViewControllers */ = {
			isa = PBXGroup;
			children = (
				0AE231CF298D1F480034C84D /* NoteListViewController.swift */,
				0A3E43D5298D274900D2CDE8 /* NoteViewController.swift */,
			);
			path = ViewControllers;
			sourceTree = "<group>";
		};
		0A8A0B40298D20CB002F81DB /* Storyboards */ = {
			isa = PBXGroup;
			children = (
				0AE231D9298D1F4A0034C84D /* LaunchScreen.storyboard */,
			);
			path = Storyboards;
			sourceTree = "<group>";
		};
		0A8A0B41298D20D8002F81DB /* Resources */ = {
			isa = PBXGroup;
			children = (
				0AE231D7298D1F4A0034C84D /* Assets.xcassets */,
			);
			path = Resources;
			sourceTree = "<group>";
		};
		0AE231BF298D1F480034C84D = {
			isa = PBXGroup;
			children = (
				0AE231CA298D1F480034C84D /* CFTNotes */,
				0AE231C9298D1F480034C84D /* Products */,
			);
			sourceTree = "<group>";
		};
		0AE231C9298D1F480034C84D /* Products */ = {
			isa = PBXGroup;
			children = (
				0AE231C8298D1F480034C84D /* CFTNotes.app */,
			);
			name = Products;
			sourceTree = "<group>";
		};
		0AE231CA298D1F480034C84D /* CFTNotes */ = {
			isa = PBXGroup;
			children = (
				0A3E43DA298D67E400D2CDE8 /* Services */,
				0A8A0B3F298D20C0002F81DB /* ViewControllers */,
				0A3E43D7298D5E5700D2CDE8 /* Models */,
				0A8A0B40298D20CB002F81DB /* Storyboards */,
				0A8A0B3E298D20AA002F81DB /* App */,
				0A8A0B41298D20D8002F81DB /* Resources */,
				0AE231D4298D1F480034C84D /* CFTNotes.xcdatamodeld */,
			);
			path = CFTNotes;
			sourceTree = "<group>";
		};
/* End PBXGroup section */

/* Begin PBXNativeTarget section */
		0AE231C7298D1F480034C84D /* CFTNotes */ = {
			isa = PBXNativeTarget;
			buildConfigurationList = 0AE231DF298D1F4A0034C84D /* Build configuration list for PBXNativeTarget "CFTNotes" */;
			buildPhases = (
				0AE231C4298D1F480034C84D /* Sources */,
				0AE231C5298D1F480034C84D /* Frameworks */,
				0AE231C6298D1F480034C84D /* Resources */,
			);
			buildRules = (
			);
			dependencies = (
			);
			name = CFTNotes;
			productName = CFTNotes;
			productReference = 0AE231C8298D1F480034C84D /* CFTNotes.app */;
			productType = "com.apple.product-type.application";
		};
/* End PBXNativeTarget section */

/* Begin PBXProject section */
		0AE231C0298D1F480034C84D /* Project object */ = {
			isa = PBXProject;
			attributes = {
				BuildIndependentTargetsInParallel = 1;
				LastSwiftUpdateCheck = 1410;
				LastUpgradeCheck = 1410;
				TargetAttributes = {
					0AE231C7298D1F480034C84D = {
						CreatedOnToolsVersion = 14.1;
					};
				};
			};
			buildConfigurationList = 0AE231C3298D1F480034C84D /* Build configuration list for PBXProject "CFTNotes" */;
			compatibilityVersion = "Xcode 14.0";
			developmentRegion = en;
			hasScannedForEncodings = 0;
			knownRegions = (
				en,
				Base,
			);
			mainGroup = 0AE231BF298D1F480034C84D;
			productRefGroup = 0AE231C9298D1F480034C84D /* Products */;
			projectDirPath = "";
			projectRoot = "";
			targets = (
				0AE231C7298D1F480034C84D /* CFTNotes */,
			);
		};
/* End PBXProject section */

/* Begin PBXResourcesBuildPhase section */
		0AE231C6298D1F480034C84D /* Resources */ = {
			isa = PBXResourcesBuildPhase;
			buildActionMask = 2147483647;
			files = (
				0AE231DB298D1F4A0034C84D /* LaunchScreen.storyboard in Resources */,
				0AE231D8298D1F4A0034C84D /* Assets.xcassets in Resources */,
			);
			runOnlyForDeploymentPostprocessing = 0;
		};
/* End PBXResourcesBuildPhase section */

/* Begin PBXSourcesBuildPhase section */
		0AE231C4298D1F480034C84D /* Sources */ = {
			isa = PBXSourcesBuildPhase;
			buildActionMask = 2147483647;
			files = (
				0AE231D0298D1F480034C84D /* NoteListViewController.swift in Sources */,
				0AE231CC298D1F480034C84D /* AppDelegate.swift in Sources */,
				0AE231CE298D1F480034C84D /* SceneDelegate.swift in Sources */,
				0A3E43DE298D7EB300D2CDE8 /* StorageManager.swift in Sources */,
				0A784631298FDDEA00AF3F67 /* SecureTransformer.swift in Sources */,
				0A3E43DC298D67FE00D2CDE8 /* StringExtensions.swift in Sources */,
				0A3E43D6298D274900D2CDE8 /* NoteViewController.swift in Sources */,
				0AE231D6298D1F480034C84D /* CFTNotes.xcdatamodeld in Sources */,
			);
			runOnlyForDeploymentPostprocessing = 0;
		};
/* End PBXSourcesBuildPhase section */

/* Begin PBXVariantGroup section */
		0AE231D9298D1F4A0034C84D /* LaunchScreen.storyboard */ = {
			isa = PBXVariantGroup;
			children = (
				0AE231DA298D1F4A0034C84D /* Base */,
			);
			name = LaunchScreen.storyboard;
			sourceTree = "<group>";
		};
/* End PBXVariantGroup section */

/* Begin XCBuildConfiguration section */
		0AE231DD298D1F4A0034C84D /* Debug */ = {
			isa = XCBuildConfiguration;
			buildSettings = {
				ALWAYS_SEARCH_USER_PATHS = NO;
				CLANG_ANALYZER_NONNULL = YES;
				CLANG_ANALYZER_NUMBER_OBJECT_CONVERSION = YES_AGGRESSIVE;
				CLANG_CXX_LANGUAGE_STANDARD = "gnu++20";
				CLANG_ENABLE_MODULES = YES;
				CLANG_ENABLE_OBJC_ARC = YES;
				CLANG_ENABLE_OBJC_WEAK = YES;
				CLANG_WARN_BLOCK_CAPTURE_AUTORELEASING = YES;
				CLANG_WARN_BOOL_CONVERSION = YES;
				CLANG_WARN_COMMA = YES;
				CLANG_WARN_CONSTANT_CONVERSION = YES;
				CLANG_WARN_DEPRECATED_OBJC_IMPLEMENTATIONS = YES;
				CLANG_WARN_DIRECT_OBJC_ISA_USAGE = YES_ERROR;
				CLANG_WARN_DOCUMENTATION_COMMENTS = YES;
				CLANG_WARN_EMPTY_BODY = YES;
				CLANG_WARN_ENUM_CONVERSION = YES;
				CLANG_WARN_INFINITE_RECURSION = YES;
				CLANG_WARN_INT_CONVERSION = YES;
				CLANG_WARN_NON_LITERAL_NULL_CONVERSION = YES;
				CLANG_WARN_OBJC_IMPLICIT_RETAIN_SELF = YES;
				CLANG_WARN_OBJC_LITERAL_CONVERSION = YES;
				CLANG_WARN_OBJC_ROOT_CLASS = YES_ERROR;
				CLANG_WARN_QUOTED_INCLUDE_IN_FRAMEWORK_HEADER = YES;
				CLANG_WARN_RANGE_LOOP_ANALYSIS = YES;
				CLANG_WARN_STRICT_PROTOTYPES = YES;
				CLANG_WARN_SUSPICIOUS_MOVE = YES;
				CLANG_WARN_UNGUARDED_AVAILABILITY = YES_AGGRESSIVE;
				CLANG_WARN_UNREACHABLE_CODE = YES;
				CLANG_WARN__DUPLICATE_METHOD_MATCH = YES;
				COPY_PHASE_STRIP = NO;
				DEBUG_INFORMATION_FORMAT = dwarf;
				ENABLE_STRICT_OBJC_MSGSEND = YES;
				ENABLE_TESTABILITY = YES;
				GCC_C_LANGUAGE_STANDARD = gnu11;
				GCC_DYNAMIC_NO_PIC = NO;
				GCC_NO_COMMON_BLOCKS = YES;
				GCC_OPTIMIZATION_LEVEL = 0;
				GCC_PREPROCESSOR_DEFINITIONS = (
					"DEBUG=1",
					"$(inherited)",
				);
				GCC_WARN_64_TO_32_BIT_CONVERSION = YES;
				GCC_WARN_ABOUT_RETURN_TYPE = YES_ERROR;
				GCC_WARN_UNDECLARED_SELECTOR = YES;
				GCC_WARN_UNINITIALIZED_AUTOS = YES_AGGRESSIVE;
				GCC_WARN_UNUSED_FUNCTION = YES;
				GCC_WARN_UNUSED_VARIABLE = YES;
				IPHONEOS_DEPLOYMENT_TARGET = 16.1;
				MTL_ENABLE_DEBUG_INFO = INCLUDE_SOURCE;
				MTL_FAST_MATH = YES;
				ONLY_ACTIVE_ARCH = YES;
				SDKROOT = iphoneos;
				SWIFT_ACTIVE_COMPILATION_CONDITIONS = DEBUG;
				SWIFT_OPTIMIZATION_LEVEL = "-Onone";
			};
			name = Debug;
		};
		0AE231DE298D1F4A0034C84D /* Release */ = {
			isa = XCBuildConfiguration;
			buildSettings = {
				ALWAYS_SEARCH_USER_PATHS = NO;
				CLANG_ANALYZER_NONNULL = YES;
				CLANG_ANALYZER_NUMBER_OBJECT_CONVERSION = YES_AGGRESSIVE;
				CLANG_CXX_LANGUAGE_STANDARD = "gnu++20";
				CLANG_ENABLE_MODULES = YES;
				CLANG_ENABLE_OBJC_ARC = YES;
				CLANG_ENABLE_OBJC_WEAK = YES;
				CLANG_WARN_BLOCK_CAPTURE_AUTORELEASING = YES;
				CLANG_WARN_BOOL_CONVERSION = YES;
				CLANG_WARN_COMMA = YES;
				CLANG_WARN_CONSTANT_CONVERSION = YES;
				CLANG_WARN_DEPRECATED_OBJC_IMPLEMENTATIONS = YES;
				CLANG_WARN_DIRECT_OBJC_ISA_USAGE = YES_ERROR;
				CLANG_WARN_DOCUMENTATION_COMMENTS = YES;
				CLANG_WARN_EMPTY_BODY = YES;
				CLANG_WARN_ENUM_CONVERSION = YES;
				CLANG_WARN_INFINITE_RECURSION = YES;
				CLANG_WARN_INT_CONVERSION = YES;
				CLANG_WARN_NON_LITERAL_NULL_CONVERSION = YES;
				CLANG_WARN_OBJC_IMPLICIT_RETAIN_SELF = YES;
				CLANG_WARN_OBJC_LITERAL_CONVERSION = YES;
				CLANG_WARN_OBJC_ROOT_CLASS = YES_ERROR;
				CLANG_WARN_QUOTED_INCLUDE_IN_FRAMEWORK_HEADER = YES;
				CLANG_WARN_RANGE_LOOP_ANALYSIS = YES;
				CLANG_WARN_STRICT_PROTOTYPES = YES;
				CLANG_WARN_SUSPICIOUS_MOVE = YES;
				CLANG_WARN_UNGUARDED_AVAILABILITY = YES_AGGRESSIVE;
				CLANG_WARN_UNREACHABLE_CODE = YES;
				CLANG_WARN__DUPLICATE_METHOD_MATCH = YES;
				COPY_PHASE_STRIP = NO;
				DEBUG_INFORMATION_FORMAT = "dwarf-with-dsym";
				ENABLE_NS_ASSERTIONS = NO;
				ENABLE_STRICT_OBJC_MSGSEND = YES;
				GCC_C_LANGUAGE_STANDARD = gnu11;
				GCC_NO_COMMON_BLOCKS = YES;
				GCC_WARN_64_TO_32_BIT_CONVERSION = YES;
				GCC_WARN_ABOUT_RETURN_TYPE = YES_ERROR;
				GCC_WARN_UNDECLARED_SELECTOR = YES;
				GCC_WARN_UNINITIALIZED_AUTOS = YES_AGGRESSIVE;
				GCC_WARN_UNUSED_FUNCTION = YES;
				GCC_WARN_UNUSED_VARIABLE = YES;
				IPHONEOS_DEPLOYMENT_TARGET = 16.1;
				MTL_ENABLE_DEBUG_INFO = NO;
				MTL_FAST_MATH = YES;
				SDKROOT = iphoneos;
				SWIFT_COMPILATION_MODE = wholemodule;
				SWIFT_OPTIMIZATION_LEVEL = "-O";
				VALIDATE_PRODUCT = YES;
			};
			name = Release;
		};
		0AE231E0298D1F4A0034C84D /* Debug */ = {
			isa = XCBuildConfiguration;
			buildSettings = {
				ASSETCATALOG_COMPILER_APPICON_NAME = AppIcon;
				ASSETCATALOG_COMPILER_GLOBAL_ACCENT_COLOR_NAME = AccentColor;
				CODE_SIGN_STYLE = Automatic;
				CURRENT_PROJECT_VERSION = 1;
				GENERATE_INFOPLIST_FILE = YES;
				INFOPLIST_FILE = CFTNotes/App/Info.plist;
				INFOPLIST_KEY_UIApplicationSupportsIndirectInputEvents = YES;
				INFOPLIST_KEY_UILaunchStoryboardName = LaunchScreen;
				INFOPLIST_KEY_UISupportedInterfaceOrientations = UIInterfaceOrientationPortrait;
				INFOPLIST_KEY_UISupportedInterfaceOrientations_iPad = "UIInterfaceOrientationLandscapeLeft UIInterfaceOrientationLandscapeRight UIInterfaceOrientationPortrait UIInterfaceOrientationPortraitUpsideDown";
				LD_RUNPATH_SEARCH_PATHS = (
					"$(inherited)",
					"@executable_path/Frameworks",
				);
				MARKETING_VERSION = 1.0;
				PRODUCT_BUNDLE_IDENTIFIER = kreomanser.CFTNotes;
				PRODUCT_NAME = "$(TARGET_NAME)";
				SUPPORTED_PLATFORMS = "iphoneos iphonesimulator";
				SUPPORTS_MACCATALYST = NO;
				SUPPORTS_MAC_DESIGNED_FOR_IPHONE_IPAD = NO;
				SWIFT_EMIT_LOC_STRINGS = YES;
				SWIFT_VERSION = 5.0;
				TARGETED_DEVICE_FAMILY = 1;
			};
			name = Debug;
		};
		0AE231E1298D1F4A0034C84D /* Release */ = {
			isa = XCBuildConfiguration;
			buildSettings = {
				ASSETCATALOG_COMPILER_APPICON_NAME = AppIcon;
				ASSETCATALOG_COMPILER_GLOBAL_ACCENT_COLOR_NAME = AccentColor;
				CODE_SIGN_STYLE = Automatic;
				CURRENT_PROJECT_VERSION = 1;
				GENERATE_INFOPLIST_FILE = YES;
				INFOPLIST_FILE = CFTNotes/App/Info.plist;
				INFOPLIST_KEY_UIApplicationSupportsIndirectInputEvents = YES;
				INFOPLIST_KEY_UILaunchStoryboardName = LaunchScreen;
				INFOPLIST_KEY_UISupportedInterfaceOrientations = UIInterfaceOrientationPortrait;
				INFOPLIST_KEY_UISupportedInterfaceOrientations_iPad = "UIInterfaceOrientationLandscapeLeft UIInterfaceOrientationLandscapeRight UIInterfaceOrientationPortrait UIInterfaceOrientationPortraitUpsideDown";
				LD_RUNPATH_SEARCH_PATHS = (
					"$(inherited)",
					"@executable_path/Frameworks",
				);
				MARKETING_VERSION = 1.0;
				PRODUCT_BUNDLE_IDENTIFIER = kreomanser.CFTNotes;
				PRODUCT_NAME = "$(TARGET_NAME)";
				SUPPORTED_PLATFORMS = "iphoneos iphonesimulator";
				SUPPORTS_MACCATALYST = NO;
				SUPPORTS_MAC_DESIGNED_FOR_IPHONE_IPAD = NO;
				SWIFT_EMIT_LOC_STRINGS = YES;
				SWIFT_VERSION = 5.0;
				TARGETED_DEVICE_FAMILY = 1;
			};
			name = Release;
		};
/* End XCBuildConfiguration section */

/* Begin XCConfigurationList section */
		0AE231C3298D1F480034C84D /* Build configuration list for PBXProject "CFTNotes" */ = {
			isa = XCConfigurationList;
			buildConfigurations = (
				0AE231DD298D1F4A0034C84D /* Debug */,
				0AE231DE298D1F4A0034C84D /* Release */,
			);
			defaultConfigurationIsVisible = 0;
			defaultConfigurationName = Release;
		};
		0AE231DF298D1F4A0034C84D /* Build configuration list for PBXNativeTarget "CFTNotes" */ = {
			isa = XCConfigurationList;
			buildConfigurations = (
				0AE231E0298D1F4A0034C84D /* Debug */,
				0AE231E1298D1F4A0034C84D /* Release */,
			);
			defaultConfigurationIsVisible = 0;
			defaultConfigurationName = Release;
		};
/* End XCConfigurationList section */

/* Begin XCVersionGroup section */
		0AE231D4298D1F480034C84D /* CFTNotes.xcdatamodeld */ = {
			isa = XCVersionGroup;
			children = (
				0AE231D5298D1F480034C84D /* CFTNotes.xcdatamodel */,
			);
			currentVersion = 0AE231D5298D1F480034C84D /* CFTNotes.xcdatamodel */;
			path = CFTNotes.xcdatamodeld;
			sourceTree = "<group>";
			versionGroupType = wrapper.xcdatamodel;
		};
/* End XCVersionGroup section */
	};
	rootObject = 0AE231C0298D1F480034C84D /* Project object */;
}
